
Microsoft Visual Studio Solution File, Format Version 12.00
# Visual Studio Version 16
VisualStudioVersion = 16.0.31605.320
MinimumVisualStudioVersion = 10.0.40219.1
Project("{8BC9CEB8-8B4A-11D0-8D11-00A0C91BC942}") = "Project8_ Test", "Project8_ Test.vcxproj", "{85D34433-DCAC-4D47-908F-EB10DFFD2802}"
EndProject
Global
	GlobalSection(SolutionConfigurationPlatforms) = preSolution
		Debug|x64 = Debug|x64
		Debug|x86 = Debug|x86
		Release|x64 = Release|x64
		Release|x86 = Release|x86
	EndGlobalSection
	GlobalSection(ProjectConfigurationPlatforms) = postSolution
		{85D34433-DCAC-4D47-908F-EB10DFFD2802}.Debug|x64.ActiveCfg = Debug|x64
		{85D34433-DCAC-4D47-908F-EB10DFFD2802}.Debug|x64.Build.0 = Debug|x64
		{85D34433-DCAC-4D47-908F-EB10DFFD2802}.Debug|x86.ActiveCfg = Debug|Win32
		{85D34433-DCAC-4D47-908F-EB10DFFD2802}.Debug|x86.Build.0 = Debug|Win32
		{85D34433-DCAC-4D47-908F-EB10DFFD2802}.Release|x64.ActiveCfg = Release|x64
		{85D34433-DCAC-4D47-908F-EB10DFFD2802}.Release|x64.Build.0 = Release|x64
		{85D34433-DCAC-4D47-908F-EB10DFFD2802}.Release|x86.ActiveCfg = Release|Win32
		{85D34433-DCAC-4D47-908F-EB10DFFD2802}.Release|x86.Build.0 = Release|Win32
	EndGlobalSection
	GlobalSection(SolutionProperties) = preSolution
		HideSolutionNode = FALSE
	EndGlobalSection
	GlobalSection(ExtensibilityGlobals) = postSolution
		SolutionGuid = {42B7B524-12C2-412A-BB7A-B2743FF6471A}
	EndGlobalSection
EndGlobal
